
Microsoft Visual Studio Solution File, Format Version 12.00
# Visual Studio Version 17
VisualStudioVersion = 17.11.35312.102
MinimumVisualStudioVersion = 10.0.40219.1
Project("{FAE04EC0-301F-11D3-BF4B-00C04F79EFBC}") = "TechShop.exceptions", "TechShop.exceptions\TechShop.exceptions.csproj", "{999956C0-DD94-46F2-8D34-44712C1FDCE4}"
EndProject
Global
	GlobalSection(SolutionConfigurationPlatforms) = preSolution
		Debug|Any CPU = Debug|Any CPU
		Release|Any CPU = Release|Any CPU
	EndGlobalSection
	GlobalSection(ProjectConfigurationPlatforms) = postSolution
		{999956C0-DD94-46F2-8D34-44712C1FDCE4}.Debug|Any CPU.ActiveCfg = Debug|Any CPU
		{999956C0-DD94-46F2-8D34-44712C1FDCE4}.Debug|Any CPU.Build.0 = Debug|Any CPU
		{999956C0-DD94-46F2-8D34-44712C1FDCE4}.Release|Any CPU.ActiveCfg = Release|Any CPU
		{999956C0-DD94-46F2-8D34-44712C1FDCE4}.Release|Any CPU.Build.0 = Release|Any CPU
	EndGlobalSection
	GlobalSection(SolutionProperties) = preSolution
		HideSolutionNode = FALSE
	EndGlobalSection
	GlobalSection(ExtensibilityGlobals) = postSolution
		SolutionGuid = {70E427A7-E07A-4843-BA0A-08A3C126E3C1}
	EndGlobalSection
EndGlobal
